// !$*UTF8*$!
{
	archiveVersion = 1;
	classes = {
	};
	objectVersion = 50;
	objects = {

/* Begin PBXBuildFile section */
		AB03BBA123E12D160071BE03 /* AppDelegate.swift in Sources */ = {isa = PBXBuildFile; fileRef = AB03BBA023E12D160071BE03 /* AppDelegate.swift */; };
		AB03BBA323E12D160071BE03 /* SceneDelegate.swift in Sources */ = {isa = PBXBuildFile; fileRef = AB03BBA223E12D160071BE03 /* SceneDelegate.swift */; };
		AB03BBA523E12D160071BE03 /* ViewController.swift in Sources */ = {isa = PBXBuildFile; fileRef = AB03BBA423E12D160071BE03 /* ViewController.swift */; };
		AB03BBA823E12D160071BE03 /* Main.storyboard in Resources */ = {isa = PBXBuildFile; fileRef = AB03BBA623E12D160071BE03 /* Main.storyboard */; };
		AB03BBAA23E12D180071BE03 /* Assets.xcassets in Resources */ = {isa = PBXBuildFile; fileRef = AB03BBA923E12D180071BE03 /* Assets.xcassets */; };
		AB03BBAD23E12D180071BE03 /* LaunchScreen.storyboard in Resources */ = {isa = PBXBuildFile; fileRef = AB03BBAB23E12D180071BE03 /* LaunchScreen.storyboard */; };
		AB03BBB523E12DF30071BE03 /* Shaders.metal in Sources */ = {isa = PBXBuildFile; fileRef = AB03BBB423E12DF30071BE03 /* Shaders.metal */; };
		AB03BBB923E22CFC0071BE03 /* Matrix4.m in Sources */ = {isa = PBXBuildFile; fileRef = AB03BBB723E22CFC0071BE03 /* Matrix4.m */; };
		AB03BBBD23E2329A0071BE03 /* Node.swift in Sources */ = {isa = PBXBuildFile; fileRef = AB03BBBC23E2329A0071BE03 /* Node.swift */; };
		AB03BBBF23E233AC0071BE03 /* Triangle.swift in Sources */ = {isa = PBXBuildFile; fileRef = AB03BBBE23E233AC0071BE03 /* Triangle.swift */; };
		AB03BBC123E23B760071BE03 /* Cube.swift in Sources */ = {isa = PBXBuildFile; fileRef = AB03BBC023E23B760071BE03 /* Cube.swift */; };
/* End PBXBuildFile section */

/* Begin PBXFileReference section */
		AB03BB9D23E12D160071BE03 /* metal.app */ = {isa = PBXFileReference; explicitFileType = wrapper.application; includeInIndex = 0; path = metal.app; sourceTree = BUILT_PRODUCTS_DIR; };
		AB03BBA023E12D160071BE03 /* AppDelegate.swift */ = {isa = PBXFileReference; lastKnownFileType = sourcecode.swift; path = AppDelegate.swift; sourceTree = "<group>"; };
		AB03BBA223E12D160071BE03 /* SceneDelegate.swift */ = {isa = PBXFileReference; lastKnownFileType = sourcecode.swift; path = SceneDelegate.swift; sourceTree = "<group>"; };
		AB03BBA423E12D160071BE03 /* ViewController.swift */ = {isa = PBXFileReference; lastKnownFileType = sourcecode.swift; path = ViewController.swift; sourceTree = "<group>"; };
		AB03BBA723E12D160071BE03 /* Base */ = {isa = PBXFileReference; lastKnownFileType = file.storyboard; name = Base; path = Base.lproj/Main.storyboard; sourceTree = "<group>"; };
		AB03BBA923E12D180071BE03 /* Assets.xcassets */ = {isa = PBXFileReference; lastKnownFileType = folder.assetcatalog; path = Assets.xcassets; sourceTree = "<group>"; };
		AB03BBAC23E12D180071BE03 /* Base */ = {isa = PBXFileReference; lastKnownFileType = file.storyboard; name = Base; path = Base.lproj/LaunchScreen.storyboard; sourceTree = "<group>"; };
		AB03BBAE23E12D180071BE03 /* Info.plist */ = {isa = PBXFileReference; lastKnownFileType = text.plist.xml; path = Info.plist; sourceTree = "<group>"; };
		AB03BBB423E12DF30071BE03 /* Shaders.metal */ = {isa = PBXFileReference; lastKnownFileType = sourcecode.metal; path = Shaders.metal; sourceTree = "<group>"; };
		AB03BBB723E22CFC0071BE03 /* Matrix4.m */ = {isa = PBXFileReference; fileEncoding = 4; lastKnownFileType = sourcecode.c.objc; path = Matrix4.m; sourceTree = "<group>"; };
		AB03BBB823E22CFC0071BE03 /* Matrix4.h */ = {isa = PBXFileReference; fileEncoding = 4; lastKnownFileType = sourcecode.c.h; path = Matrix4.h; sourceTree = "<group>"; };
		AB03BBBA23E232240071BE03 /* Vertex.swift */ = {isa = PBXFileReference; lastKnownFileType = sourcecode.swift; path = Vertex.swift; sourceTree = "<group>"; };
		AB03BBBC23E2329A0071BE03 /* Node.swift */ = {isa = PBXFileReference; lastKnownFileType = sourcecode.swift; path = Node.swift; sourceTree = "<group>"; };
		AB03BBBE23E233AC0071BE03 /* Triangle.swift */ = {isa = PBXFileReference; lastKnownFileType = sourcecode.swift; path = Triangle.swift; sourceTree = "<group>"; };
		AB03BBC023E23B760071BE03 /* Cube.swift */ = {isa = PBXFileReference; lastKnownFileType = sourcecode.swift; path = Cube.swift; sourceTree = "<group>"; };
		AB03BBC223E23F000071BE03 /* BridgingHeader.h */ = {isa = PBXFileReference; lastKnownFileType = sourcecode.c.h; path = BridgingHeader.h; sourceTree = "<group>"; };
/* End PBXFileReference section */

/* Begin PBXFrameworksBuildPhase section */
		AB03BB9A23E12D160071BE03 /* Frameworks */ = {
			isa = PBXFrameworksBuildPhase;
			buildActionMask = 2147483647;
			files = (
			);
			runOnlyForDeploymentPostprocessing = 0;
		};
/* End PBXFrameworksBuildPhase section */

/* Begin PBXGroup section */
		AB03BB9423E12D160071BE03 = {
			isa = PBXGroup;
			children = (
				AB03BB9F23E12D160071BE03 /* metal */,
				AB03BB9E23E12D160071BE03 /* Products */,
			);
			sourceTree = "<group>";
		};
		AB03BB9E23E12D160071BE03 /* Products */ = {
			isa = PBXGroup;
			children = (
				AB03BB9D23E12D160071BE03 /* metal.app */,
			);
			name = Products;
			sourceTree = "<group>";
		};
		AB03BB9F23E12D160071BE03 /* metal */ = {
			isa = PBXGroup;
			children = (
				AB03BBC223E23F000071BE03 /* BridgingHeader.h */,
				AB03BBB623E22CFC0071BE03 /* matrix4 */,
				AB03BBBC23E2329A0071BE03 /* Node.swift */,
				AB03BBBE23E233AC0071BE03 /* Triangle.swift */,
				AB03BBC023E23B760071BE03 /* Cube.swift */,
				AB03BBA023E12D160071BE03 /* AppDelegate.swift */,
				AB03BBA223E12D160071BE03 /* SceneDelegate.swift */,
				AB03BBA423E12D160071BE03 /* ViewController.swift */,
				AB03BBB423E12DF30071BE03 /* Shaders.metal */,
				AB03BBA623E12D160071BE03 /* Main.storyboard */,
				AB03BBA923E12D180071BE03 /* Assets.xcassets */,
				AB03BBAB23E12D180071BE03 /* LaunchScreen.storyboard */,
				AB03BBAE23E12D180071BE03 /* Info.plist */,
			);
			path = metal;
			sourceTree = "<group>";
		};
		AB03BBB623E22CFC0071BE03 /* matrix4 */ = {
			isa = PBXGroup;
			children = (
				AB03BBB723E22CFC0071BE03 /* Matrix4.m */,
				AB03BBBA23E232240071BE03 /* Vertex.swift */,
				AB03BBB823E22CFC0071BE03 /* Matrix4.h */,
			);
			name = matrix4;
			path = ../../matrix4;
			sourceTree = "<group>";
		};
/* End PBXGroup section */

/* Begin PBXNativeTarget section */
		AB03BB9C23E12D160071BE03 /* metal */ = {
			isa = PBXNativeTarget;
			buildConfigurationList = AB03BBB123E12D180071BE03 /* Build configuration list for PBXNativeTarget "metal" */;
			buildPhases = (
				AB03BB9923E12D160071BE03 /* Sources */,
				AB03BB9A23E12D160071BE03 /* Frameworks */,
				AB03BB9B23E12D160071BE03 /* Resources */,
			);
			buildRules = (
			);
			dependencies = (
			);
			name = metal;
			productName = metal;
			productReference = AB03BB9D23E12D160071BE03 /* metal.app */;
			productType = "com.apple.product-type.application";
		};
/* End PBXNativeTarget section */

/* Begin PBXProject section */
		AB03BB9523E12D160071BE03 /* Project object */ = {
			isa = PBXProject;
			attributes = {
				LastSwiftUpdateCheck = 1130;
				LastUpgradeCheck = 1130;
				ORGANIZATIONNAME = "Fidel Corrales";
				TargetAttributes = {
					AB03BB9C23E12D160071BE03 = {
						CreatedOnToolsVersion = 11.3.1;
					};
				};
			};
			buildConfigurationList = AB03BB9823E12D160071BE03 /* Build configuration list for PBXProject "metal" */;
			compatibilityVersion = "Xcode 9.3";
			developmentRegion = en;
			hasScannedForEncodings = 0;
			knownRegions = (
				en,
				Base,
			);
			mainGroup = AB03BB9423E12D160071BE03;
			productRefGroup = AB03BB9E23E12D160071BE03 /* Products */;
			projectDirPath = "";
			projectRoot = "";
			targets = (
				AB03BB9C23E12D160071BE03 /* metal */,
			);
		};
/* End PBXProject section */

/* Begin PBXResourcesBuildPhase section */
		AB03BB9B23E12D160071BE03 /* Resources */ = {
			isa = PBXResourcesBuildPhase;
			buildActionMask = 2147483647;
			files = (
				AB03BBAD23E12D180071BE03 /* LaunchScreen.storyboard in Resources */,
				AB03BBAA23E12D180071BE03 /* Assets.xcassets in Resources */,
				AB03BBA823E12D160071BE03 /* Main.storyboard in Resources */,
			);
			runOnlyForDeploymentPostprocessing = 0;
		};
/* End PBXResourcesBuildPhase section */

/* Begin PBXSourcesBuildPhase section */
		AB03BB9923E12D160071BE03 /* Sources */ = {
			isa = PBXSourcesBuildPhase;
			buildActionMask = 2147483647;
			files = (
				AB03BBB523E12DF30071BE03 /* Shaders.metal in Sources */,
				AB03BBB923E22CFC0071BE03 /* Matrix4.m in Sources */,
				AB03BBA523E12D160071BE03 /* ViewController.swift in Sources */,
				AB03BBA123E12D160071BE03 /* AppDelegate.swift in Sources */,
				AB03BBC123E23B760071BE03 /* Cube.swift in Sources */,
				AB03BBA323E12D160071BE03 /* SceneDelegate.swift in Sources */,
				AB03BBBD23E2329A0071BE03 /* Node.swift in Sources */,
				AB03BBBF23E233AC0071BE03 /* Triangle.swift in Sources */,
			);
			runOnlyForDeploymentPostprocessing = 0;
		};
/* End PBXSourcesBuildPhase section */

/* Begin PBXVariantGroup section */
		AB03BBA623E12D160071BE03 /* Main.storyboard */ = {
			isa = PBXVariantGroup;
			children = (
				AB03BBA723E12D160071BE03 /* Base */,
			);
			name = Main.storyboard;
			sourceTree = "<group>";
		};
		AB03BBAB23E12D180071BE03 /* LaunchScreen.storyboard */ = {
			isa = PBXVariantGroup;
			children = (
				AB03BBAC23E12D180071BE03 /* Base */,
			);
			name = LaunchScreen.storyboard;
			sourceTree = "<group>";
		};
/* End PBXVariantGroup section */

/* Begin XCBuildConfiguration section */
		AB03BBAF23E12D180071BE03 /* Debug */ = {
			isa = XCBuildConfiguration;
			buildSettings = {
				ALWAYS_SEARCH_USER_PATHS = NO;
				CLANG_ANALYZER_NONNULL = YES;
				CLANG_ANALYZER_NUMBER_OBJECT_CONVERSION = YES_AGGRESSIVE;
				CLANG_CXX_LANGUAGE_STANDARD = "gnu++14";
				CLANG_CXX_LIBRARY = "libc++";
				CLANG_ENABLE_MODULES = YES;
				CLANG_ENABLE_OBJC_ARC = YES;
				CLANG_ENABLE_OBJC_WEAK = YES;
				CLANG_WARN_BLOCK_CAPTURE_AUTORELEASING = YES;
				CLANG_WARN_BOOL_CONVERSION = YES;
				CLANG_WARN_COMMA = YES;
				CLANG_WARN_CONSTANT_CONVERSION = YES;
				CLANG_WARN_DEPRECATED_OBJC_IMPLEMENTATIONS = YES;
				CLANG_WARN_DIRECT_OBJC_ISA_USAGE = YES_ERROR;
				CLANG_WARN_DOCUMENTATION_COMMENTS = YES;
				CLANG_WARN_EMPTY_BODY = YES;
				CLANG_WARN_ENUM_CONVERSION = YES;
				CLANG_WARN_INFINITE_RECURSION = YES;
				CLANG_WARN_INT_CONVERSION = YES;
				CLANG_WARN_NON_LITERAL_NULL_CONVERSION = YES;
				CLANG_WARN_OBJC_IMPLICIT_RETAIN_SELF = YES;
				CLANG_WARN_OBJC_LITERAL_CONVERSION = YES;
				CLANG_WARN_OBJC_ROOT_CLASS = YES_ERROR;
				CLANG_WARN_RANGE_LOOP_ANALYSIS = YES;
				CLANG_WARN_STRICT_PROTOTYPES = YES;
				CLANG_WARN_SUSPICIOUS_MOVE = YES;
				CLANG_WARN_UNGUARDED_AVAILABILITY = YES_AGGRESSIVE;
				CLANG_WARN_UNREACHABLE_CODE = YES;
				CLANG_WARN__DUPLICATE_METHOD_MATCH = YES;
				COPY_PHASE_STRIP = NO;
				DEBUG_INFORMATION_FORMAT = dwarf;
				ENABLE_STRICT_OBJC_MSGSEND = YES;
				ENABLE_TESTABILITY = YES;
				GCC_C_LANGUAGE_STANDARD = gnu11;
				GCC_DYNAMIC_NO_PIC = NO;
				GCC_NO_COMMON_BLOCKS = YES;
				GCC_OPTIMIZATION_LEVEL = 0;
				GCC_PREPROCESSOR_DEFINITIONS = (
					"DEBUG=1",
					"$(inherited)",
				);
				GCC_WARN_64_TO_32_BIT_CONVERSION = YES;
				GCC_WARN_ABOUT_RETURN_TYPE = YES_ERROR;
				GCC_WARN_UNDECLARED_SELECTOR = YES;
				GCC_WARN_UNINITIALIZED_AUTOS = YES_AGGRESSIVE;
				GCC_WARN_UNUSED_FUNCTION = YES;
				GCC_WARN_UNUSED_VARIABLE = YES;
				IPHONEOS_DEPLOYMENT_TARGET = 13.2;
				MTL_ENABLE_DEBUG_INFO = INCLUDE_SOURCE;
				MTL_FAST_MATH = YES;
				ONLY_ACTIVE_ARCH = YES;
				SDKROOT = iphoneos;
				SWIFT_ACTIVE_COMPILATION_CONDITIONS = DEBUG;
				SWIFT_OPTIMIZATION_LEVEL = "-Onone";
			};
			name = Debug;
		};
		AB03BBB023E12D180071BE03 /* Release */ = {
			isa = XCBuildConfiguration;
			buildSettings = {
				ALWAYS_SEARCH_USER_PATHS = NO;
				CLANG_ANALYZER_NONNULL = YES;
				CLANG_ANALYZER_NUMBER_OBJECT_CONVERSION = YES_AGGRESSIVE;
				CLANG_CXX_LANGUAGE_STANDARD = "gnu++14";
				CLANG_CXX_LIBRARY = "libc++";
				CLANG_ENABLE_MODULES = YES;
				CLANG_ENABLE_OBJC_ARC = YES;
				CLANG_ENABLE_OBJC_WEAK = YES;
				CLANG_WARN_BLOCK_CAPTURE_AUTORELEASING = YES;
				CLANG_WARN_BOOL_CONVERSION = YES;
				CLANG_WARN_COMMA = YES;
				CLANG_WARN_CONSTANT_CONVERSION = YES;
				CLANG_WARN_DEPRECATED_OBJC_IMPLEMENTATIONS = YES;
				CLANG_WARN_DIRECT_OBJC_ISA_USAGE = YES_ERROR;
				CLANG_WARN_DOCUMENTATION_COMMENTS = YES;
				CLANG_WARN_EMPTY_BODY = YES;
				CLANG_WARN_ENUM_CONVERSION = YES;
				CLANG_WARN_INFINITE_RECURSION = YES;
				CLANG_WARN_INT_CONVERSION = YES;
				CLANG_WARN_NON_LITERAL_NULL_CONVERSION = YES;
				CLANG_WARN_OBJC_IMPLICIT_RETAIN_SELF = YES;
				CLANG_WARN_OBJC_LITERAL_CONVERSION = YES;
				CLANG_WARN_OBJC_ROOT_CLASS = YES_ERROR;
				CLANG_WARN_RANGE_LOOP_ANALYSIS = YES;
				CLANG_WARN_STRICT_PROTOTYPES = YES;
				CLANG_WARN_SUSPICIOUS_MOVE = YES;
				CLANG_WARN_UNGUARDED_AVAILABILITY = YES_AGGRESSIVE;
				CLANG_WARN_UNREACHABLE_CODE = YES;
				CLANG_WARN__DUPLICATE_METHOD_MATCH = YES;
				COPY_PHASE_STRIP = NO;
				DEBUG_INFORMATION_FORMAT = "dwarf-with-dsym";
				ENABLE_NS_ASSERTIONS = NO;
				ENABLE_STRICT_OBJC_MSGSEND = YES;
				GCC_C_LANGUAGE_STANDARD = gnu11;
				GCC_NO_COMMON_BLOCKS = YES;
				GCC_WARN_64_TO_32_BIT_CONVERSION = YES;
				GCC_WARN_ABOUT_RETURN_TYPE = YES_ERROR;
				GCC_WARN_UNDECLARED_SELECTOR = YES;
				GCC_WARN_UNINITIALIZED_AUTOS = YES_AGGRESSIVE;
				GCC_WARN_UNUSED_FUNCTION = YES;
				GCC_WARN_UNUSED_VARIABLE = YES;
				IPHONEOS_DEPLOYMENT_TARGET = 13.2;
				MTL_ENABLE_DEBUG_INFO = NO;
				MTL_FAST_MATH = YES;
				SDKROOT = iphoneos;
				SWIFT_COMPILATION_MODE = wholemodule;
				SWIFT_OPTIMIZATION_LEVEL = "-O";
				VALIDATE_PRODUCT = YES;
			};
			name = Release;
		};
		AB03BBB223E12D180071BE03 /* Debug */ = {
			isa = XCBuildConfiguration;
			buildSettings = {
				ASSETCATALOG_COMPILER_APPICON_NAME = AppIcon;
				CODE_SIGN_STYLE = Automatic;
				DEVELOPMENT_TEAM = 3Q5B8XQXEF;
				INFOPLIST_FILE = metal/Info.plist;
				LD_RUNPATH_SEARCH_PATHS = (
					"$(inherited)",
					"@executable_path/Frameworks",
				);
				PRODUCT_BUNDLE_IDENTIFIER = com.fidel.metal;
				PRODUCT_NAME = "$(TARGET_NAME)";
				SWIFT_OBJC_BRIDGING_HEADER = metal/BridgingHeader.h;
				SWIFT_VERSION = 5.0;
				TARGETED_DEVICE_FAMILY = "1,2";
			};
			name = Debug;
		};
		AB03BBB323E12D180071BE03 /* Release */ = {
			isa = XCBuildConfiguration;
			buildSettings = {
				ASSETCATALOG_COMPILER_APPICON_NAME = AppIcon;
				CODE_SIGN_STYLE = Automatic;
				DEVELOPMENT_TEAM = 3Q5B8XQXEF;
				INFOPLIST_FILE = metal/Info.plist;
				LD_RUNPATH_SEARCH_PATHS = (
					"$(inherited)",
					"@executable_path/Frameworks",
				);
				PRODUCT_BUNDLE_IDENTIFIER = com.fidel.metal;
				PRODUCT_NAME = "$(TARGET_NAME)";
				SWIFT_OBJC_BRIDGING_HEADER = metal/BridgingHeader.h;
				SWIFT_VERSION = 5.0;
				TARGETED_DEVICE_FAMILY = "1,2";
			};
			name = Release;
		};
/* End XCBuildConfiguration section */

/* Begin XCConfigurationList section */
		AB03BB9823E12D160071BE03 /* Build configuration list for PBXProject "metal" */ = {
			isa = XCConfigurationList;
			buildConfigurations = (
				AB03BBAF23E12D180071BE03 /* Debug */,
				AB03BBB023E12D180071BE03 /* Release */,
			);
			defaultConfigurationIsVisible = 0;
			defaultConfigurationName = Release;
		};
		AB03BBB123E12D180071BE03 /* Build configuration list for PBXNativeTarget "metal" */ = {
			isa = XCConfigurationList;
			buildConfigurations = (
				AB03BBB223E12D180071BE03 /* Debug */,
				AB03BBB323E12D180071BE03 /* Release */,
			);
			defaultConfigurationIsVisible = 0;
			defaultConfigurationName = Release;
		};
/* End XCConfigurationList section */
	};
	rootObject = AB03BB9523E12D160071BE03 /* Project object */;
}
